// !$*UTF8*$!
{
	archiveVersion = 1;
	classes = {
	};
	objectVersion = 50;
	objects = {

/* Begin PBXBuildFile section */
		EB779E7F253618CA00A66A58 /* AppDelegate.swift in Sources */ = {isa = PBXBuildFile; fileRef = EB779E7E253618CA00A66A58 /* AppDelegate.swift */; };
		EB779E81253618CA00A66A58 /* SceneDelegate.swift in Sources */ = {isa = PBXBuildFile; fileRef = EB779E80253618CA00A66A58 /* SceneDelegate.swift */; };
		EB779E83253618CA00A66A58 /* MainViewController.swift in Sources */ = {isa = PBXBuildFile; fileRef = EB779E82253618CA00A66A58 /* MainViewController.swift */; };
		EB779E86253618CA00A66A58 /* Main.storyboard in Resources */ = {isa = PBXBuildFile; fileRef = EB779E84253618CA00A66A58 /* Main.storyboard */; };
		EB779E88253618CE00A66A58 /* Assets.xcassets in Resources */ = {isa = PBXBuildFile; fileRef = EB779E87253618CE00A66A58 /* Assets.xcassets */; };
		EB779E8B253618CE00A66A58 /* LaunchScreen.storyboard in Resources */ = {isa = PBXBuildFile; fileRef = EB779E89253618CE00A66A58 /* LaunchScreen.storyboard */; };
		EB779E96253618CF00A66A58 /* solidMVPTests.swift in Sources */ = {isa = PBXBuildFile; fileRef = EB779E95253618CF00A66A58 /* solidMVPTests.swift */; };
		EB779EA1253618CF00A66A58 /* solidMVPUITests.swift in Sources */ = {isa = PBXBuildFile; fileRef = EB779EA0253618CF00A66A58 /* solidMVPUITests.swift */; };
		EB779EB22536192700A66A58 /* Comment.swift in Sources */ = {isa = PBXBuildFile; fileRef = EB779EB12536192700A66A58 /* Comment.swift */; };
		EB779EB725361B3400A66A58 /* MainPresenter.swift in Sources */ = {isa = PBXBuildFile; fileRef = EB779EB625361B3400A66A58 /* MainPresenter.swift */; };
		EB779ECF25362D7A00A66A58 /* MainViewController.xib in Resources */ = {isa = PBXBuildFile; fileRef = EB779ECE25362D7A00A66A58 /* MainViewController.xib */; };
		EB779ED4253630C200A66A58 /* ModuleBuilder.swift in Sources */ = {isa = PBXBuildFile; fileRef = EB779ED3253630C200A66A58 /* ModuleBuilder.swift */; };
		EBED674D253E1713003EA9EB /* NetworkService.swift in Sources */ = {isa = PBXBuildFile; fileRef = EBED674C253E1713003EA9EB /* NetworkService.swift */; };
/* End PBXBuildFile section */

/* Begin PBXContainerItemProxy section */
		EB779E92253618CF00A66A58 /* PBXContainerItemProxy */ = {
			isa = PBXContainerItemProxy;
			containerPortal = EB779E73253618CA00A66A58 /* Project object */;
			proxyType = 1;
			remoteGlobalIDString = EB779E7A253618CA00A66A58;
			remoteInfo = solidMVP;
		};
		EB779E9D253618CF00A66A58 /* PBXContainerItemProxy */ = {
			isa = PBXContainerItemProxy;
			containerPortal = EB779E73253618CA00A66A58 /* Project object */;
			proxyType = 1;
			remoteGlobalIDString = EB779E7A253618CA00A66A58;
			remoteInfo = solidMVP;
		};
/* End PBXContainerItemProxy section */

/* Begin PBXFileReference section */
		EB779E7B253618CA00A66A58 /* MVP-Table.app */ = {isa = PBXFileReference; explicitFileType = wrapper.application; includeInIndex = 0; path = "MVP-Table.app"; sourceTree = BUILT_PRODUCTS_DIR; };
		EB779E7E253618CA00A66A58 /* AppDelegate.swift */ = {isa = PBXFileReference; lastKnownFileType = sourcecode.swift; path = AppDelegate.swift; sourceTree = "<group>"; };
		EB779E80253618CA00A66A58 /* SceneDelegate.swift */ = {isa = PBXFileReference; lastKnownFileType = sourcecode.swift; path = SceneDelegate.swift; sourceTree = "<group>"; };
		EB779E82253618CA00A66A58 /* MainViewController.swift */ = {isa = PBXFileReference; lastKnownFileType = sourcecode.swift; path = MainViewController.swift; sourceTree = "<group>"; };
		EB779E85253618CA00A66A58 /* Base */ = {isa = PBXFileReference; lastKnownFileType = file.storyboard; name = Base; path = Base.lproj/Main.storyboard; sourceTree = "<group>"; };
		EB779E87253618CE00A66A58 /* Assets.xcassets */ = {isa = PBXFileReference; lastKnownFileType = folder.assetcatalog; path = Assets.xcassets; sourceTree = "<group>"; };
		EB779E8A253618CE00A66A58 /* Base */ = {isa = PBXFileReference; lastKnownFileType = file.storyboard; name = Base; path = Base.lproj/LaunchScreen.storyboard; sourceTree = "<group>"; };
		EB779E8C253618CE00A66A58 /* Info.plist */ = {isa = PBXFileReference; lastKnownFileType = text.plist.xml; path = Info.plist; sourceTree = "<group>"; };
		EB779E91253618CF00A66A58 /* MVP-TableTests.xctest */ = {isa = PBXFileReference; explicitFileType = wrapper.cfbundle; includeInIndex = 0; path = "MVP-TableTests.xctest"; sourceTree = BUILT_PRODUCTS_DIR; };
		EB779E95253618CF00A66A58 /* solidMVPTests.swift */ = {isa = PBXFileReference; lastKnownFileType = sourcecode.swift; path = solidMVPTests.swift; sourceTree = "<group>"; };
		EB779E97253618CF00A66A58 /* Info.plist */ = {isa = PBXFileReference; lastKnownFileType = text.plist.xml; path = Info.plist; sourceTree = "<group>"; };
		EB779E9C253618CF00A66A58 /* MVP-TableUITests.xctest */ = {isa = PBXFileReference; explicitFileType = wrapper.cfbundle; includeInIndex = 0; path = "MVP-TableUITests.xctest"; sourceTree = BUILT_PRODUCTS_DIR; };
		EB779EA0253618CF00A66A58 /* solidMVPUITests.swift */ = {isa = PBXFileReference; lastKnownFileType = sourcecode.swift; path = solidMVPUITests.swift; sourceTree = "<group>"; };
		EB779EA2253618CF00A66A58 /* Info.plist */ = {isa = PBXFileReference; lastKnownFileType = text.plist.xml; path = Info.plist; sourceTree = "<group>"; };
		EB779EB12536192700A66A58 /* Comment.swift */ = {isa = PBXFileReference; lastKnownFileType = sourcecode.swift; path = Comment.swift; sourceTree = "<group>"; };
		EB779EB625361B3400A66A58 /* MainPresenter.swift */ = {isa = PBXFileReference; lastKnownFileType = sourcecode.swift; path = MainPresenter.swift; sourceTree = "<group>"; };
		EB779ECE25362D7A00A66A58 /* MainViewController.xib */ = {isa = PBXFileReference; lastKnownFileType = file.xib; path = MainViewController.xib; sourceTree = "<group>"; };
		EB779ED3253630C200A66A58 /* ModuleBuilder.swift */ = {isa = PBXFileReference; lastKnownFileType = sourcecode.swift; path = ModuleBuilder.swift; sourceTree = "<group>"; };
		EBED674C253E1713003EA9EB /* NetworkService.swift */ = {isa = PBXFileReference; lastKnownFileType = sourcecode.swift; path = NetworkService.swift; sourceTree = "<group>"; };
/* End PBXFileReference section */

/* Begin PBXFrameworksBuildPhase section */
		EB779E78253618CA00A66A58 /* Frameworks */ = {
			isa = PBXFrameworksBuildPhase;
			buildActionMask = 2147483647;
			files = (
			);
			runOnlyForDeploymentPostprocessing = 0;
		};
		EB779E8E253618CF00A66A58 /* Frameworks */ = {
			isa = PBXFrameworksBuildPhase;
			buildActionMask = 2147483647;
			files = (
			);
			runOnlyForDeploymentPostprocessing = 0;
		};
		EB779E99253618CF00A66A58 /* Frameworks */ = {
			isa = PBXFrameworksBuildPhase;
			buildActionMask = 2147483647;
			files = (
			);
			runOnlyForDeploymentPostprocessing = 0;
		};
/* End PBXFrameworksBuildPhase section */

/* Begin PBXGroup section */
		EB779E72253618CA00A66A58 = {
			isa = PBXGroup;
			children = (
				EB779E7D253618CA00A66A58 /* solidMVP */,
				EB779E94253618CF00A66A58 /* solidMVPTests */,
				EB779E9F253618CF00A66A58 /* solidMVPUITests */,
				EB779E7C253618CA00A66A58 /* Products */,
			);
			sourceTree = "<group>";
		};
		EB779E7C253618CA00A66A58 /* Products */ = {
			isa = PBXGroup;
			children = (
				EB779E7B253618CA00A66A58 /* MVP-Table.app */,
				EB779E91253618CF00A66A58 /* MVP-TableTests.xctest */,
				EB779E9C253618CF00A66A58 /* MVP-TableUITests.xctest */,
			);
			name = Products;
			sourceTree = "<group>";
		};
		EB779E7D253618CA00A66A58 /* solidMVP */ = {
			isa = PBXGroup;
			children = (
				EB779E7E253618CA00A66A58 /* AppDelegate.swift */,
				EB779E80253618CA00A66A58 /* SceneDelegate.swift */,
				EB779ED3253630C200A66A58 /* ModuleBuilder.swift */,
				EBED6751253E1732003EA9EB /* Network */,
				EB779EBE25362C9B00A66A58 /* MainModule */,
				EB779E84253618CA00A66A58 /* Main.storyboard */,
				EB779E87253618CE00A66A58 /* Assets.xcassets */,
				EB779E89253618CE00A66A58 /* LaunchScreen.storyboard */,
				EB779E8C253618CE00A66A58 /* Info.plist */,
			);
			path = solidMVP;
			sourceTree = "<group>";
		};
		EB779E94253618CF00A66A58 /* solidMVPTests */ = {
			isa = PBXGroup;
			children = (
				EB779E95253618CF00A66A58 /* solidMVPTests.swift */,
				EB779E97253618CF00A66A58 /* Info.plist */,
			);
			path = solidMVPTests;
			sourceTree = "<group>";
		};
		EB779E9F253618CF00A66A58 /* solidMVPUITests */ = {
			isa = PBXGroup;
			children = (
				EB779EA0253618CF00A66A58 /* solidMVPUITests.swift */,
				EB779EA2253618CF00A66A58 /* Info.plist */,
			);
			path = solidMVPUITests;
			sourceTree = "<group>";
		};
		EB779EBE25362C9B00A66A58 /* MainModule */ = {
			isa = PBXGroup;
			children = (
				EB779EC625362CE200A66A58 /* Model */,
				EB779EC225362CD800A66A58 /* View */,
				EB779ECA25362CE900A66A58 /* Presenter */,
			);
			path = MainModule;
			sourceTree = "<group>";
		};
		EB779EC225362CD800A66A58 /* View */ = {
			isa = PBXGroup;
			children = (
				EB779E82253618CA00A66A58 /* MainViewController.swift */,
				EB779ECE25362D7A00A66A58 /* MainViewController.xib */,
			);
			path = View;
			sourceTree = "<group>";
		};
		EB779EC625362CE200A66A58 /* Model */ = {
			isa = PBXGroup;
			children = (
				EB779EB12536192700A66A58 /* Comment.swift */,
			);
			path = Model;
			sourceTree = "<group>";
		};
		EB779ECA25362CE900A66A58 /* Presenter */ = {
			isa = PBXGroup;
			children = (
				EB779EB625361B3400A66A58 /* MainPresenter.swift */,
			);
			path = Presenter;
			sourceTree = "<group>";
		};
		EBED6751253E1732003EA9EB /* Network */ = {
			isa = PBXGroup;
			children = (
				EBED674C253E1713003EA9EB /* NetworkService.swift */,
			);
			path = Network;
			sourceTree = "<group>";
		};
/* End PBXGroup section */

/* Begin PBXNativeTarget section */
		EB779E7A253618CA00A66A58 /* MVP-Table */ = {
			isa = PBXNativeTarget;
			buildConfigurationList = EB779EA5253618CF00A66A58 /* Build configuration list for PBXNativeTarget "MVP-Table" */;
			buildPhases = (
				EB779E77253618CA00A66A58 /* Sources */,
				EB779E78253618CA00A66A58 /* Frameworks */,
				EB779E79253618CA00A66A58 /* Resources */,
			);
			buildRules = (
			);
			dependencies = (
			);
			name = "MVP-Table";
			productName = solidMVP;
			productReference = EB779E7B253618CA00A66A58 /* MVP-Table.app */;
			productType = "com.apple.product-type.application";
		};
		EB779E90253618CF00A66A58 /* MVP-TableTests */ = {
			isa = PBXNativeTarget;
			buildConfigurationList = EB779EA8253618CF00A66A58 /* Build configuration list for PBXNativeTarget "MVP-TableTests" */;
			buildPhases = (
				EB779E8D253618CF00A66A58 /* Sources */,
				EB779E8E253618CF00A66A58 /* Frameworks */,
				EB779E8F253618CF00A66A58 /* Resources */,
			);
			buildRules = (
			);
			dependencies = (
				EB779E93253618CF00A66A58 /* PBXTargetDependency */,
			);
			name = "MVP-TableTests";
			productName = solidMVPTests;
			productReference = EB779E91253618CF00A66A58 /* MVP-TableTests.xctest */;
			productType = "com.apple.product-type.bundle.unit-test";
		};
		EB779E9B253618CF00A66A58 /* MVP-TableUITests */ = {
			isa = PBXNativeTarget;
			buildConfigurationList = EB779EAB253618CF00A66A58 /* Build configuration list for PBXNativeTarget "MVP-TableUITests" */;
			buildPhases = (
				EB779E98253618CF00A66A58 /* Sources */,
				EB779E99253618CF00A66A58 /* Frameworks */,
				EB779E9A253618CF00A66A58 /* Resources */,
			);
			buildRules = (
			);
			dependencies = (
				EB779E9E253618CF00A66A58 /* PBXTargetDependency */,
			);
			name = "MVP-TableUITests";
			productName = solidMVPUITests;
			productReference = EB779E9C253618CF00A66A58 /* MVP-TableUITests.xctest */;
			productType = "com.apple.product-type.bundle.ui-testing";
		};
/* End PBXNativeTarget section */

/* Begin PBXProject section */
		EB779E73253618CA00A66A58 /* Project object */ = {
			isa = PBXProject;
			attributes = {
				LastSwiftUpdateCheck = 1200;
				LastUpgradeCheck = 1200;
				TargetAttributes = {
					EB779E7A253618CA00A66A58 = {
						CreatedOnToolsVersion = 12.0;
					};
					EB779E90253618CF00A66A58 = {
						CreatedOnToolsVersion = 12.0;
						TestTargetID = EB779E7A253618CA00A66A58;
					};
					EB779E9B253618CF00A66A58 = {
						CreatedOnToolsVersion = 12.0;
						TestTargetID = EB779E7A253618CA00A66A58;
					};
				};
			};
			buildConfigurationList = EB779E76253618CA00A66A58 /* Build configuration list for PBXProject "MVP-Table" */;
			compatibilityVersion = "Xcode 9.3";
			developmentRegion = en;
			hasScannedForEncodings = 0;
			knownRegions = (
				en,
				Base,
			);
			mainGroup = EB779E72253618CA00A66A58;
			productRefGroup = EB779E7C253618CA00A66A58 /* Products */;
			projectDirPath = "";
			projectRoot = "";
			targets = (
				EB779E7A253618CA00A66A58 /* MVP-Table */,
				EB779E90253618CF00A66A58 /* MVP-TableTests */,
				EB779E9B253618CF00A66A58 /* MVP-TableUITests */,
			);
		};
/* End PBXProject section */

/* Begin PBXResourcesBuildPhase section */
		EB779E79253618CA00A66A58 /* Resources */ = {
			isa = PBXResourcesBuildPhase;
			buildActionMask = 2147483647;
			files = (
				EB779E8B253618CE00A66A58 /* LaunchScreen.storyboard in Resources */,
				EB779E88253618CE00A66A58 /* Assets.xcassets in Resources */,
				EB779E86253618CA00A66A58 /* Main.storyboard in Resources */,
				EB779ECF25362D7A00A66A58 /* MainViewController.xib in Resources */,
			);
			runOnlyForDeploymentPostprocessing = 0;
		};
		EB779E8F253618CF00A66A58 /* Resources */ = {
			isa = PBXResourcesBuildPhase;
			buildActionMask = 2147483647;
			files = (
			);
			runOnlyForDeploymentPostprocessing = 0;
		};
		EB779E9A253618CF00A66A58 /* Resources */ = {
			isa = PBXResourcesBuildPhase;
			buildActionMask = 2147483647;
			files = (
			);
			runOnlyForDeploymentPostprocessing = 0;
		};
/* End PBXResourcesBuildPhase section */

/* Begin PBXSourcesBuildPhase section */
		EB779E77253618CA00A66A58 /* Sources */ = {
			isa = PBXSourcesBuildPhase;
			buildActionMask = 2147483647;
			files = (
				EB779EB725361B3400A66A58 /* MainPresenter.swift in Sources */,
				EB779E83253618CA00A66A58 /* MainViewController.swift in Sources */,
				EB779E7F253618CA00A66A58 /* AppDelegate.swift in Sources */,
				EB779EB22536192700A66A58 /* Comment.swift in Sources */,
				EB779E81253618CA00A66A58 /* SceneDelegate.swift in Sources */,
				EB779ED4253630C200A66A58 /* ModuleBuilder.swift in Sources */,
				EBED674D253E1713003EA9EB /* NetworkService.swift in Sources */,
			);
			runOnlyForDeploymentPostprocessing = 0;
		};
		EB779E8D253618CF00A66A58 /* Sources */ = {
			isa = PBXSourcesBuildPhase;
			buildActionMask = 2147483647;
			files = (
				EB779E96253618CF00A66A58 /* solidMVPTests.swift in Sources */,
			);
			runOnlyForDeploymentPostprocessing = 0;
		};
		EB779E98253618CF00A66A58 /* Sources */ = {
			isa = PBXSourcesBuildPhase;
			buildActionMask = 2147483647;
			files = (
				EB779EA1253618CF00A66A58 /* solidMVPUITests.swift in Sources */,
			);
			runOnlyForDeploymentPostprocessing = 0;
		};
/* End PBXSourcesBuildPhase section */

/* Begin PBXTargetDependency section */
		EB779E93253618CF00A66A58 /* PBXTargetDependency */ = {
			isa = PBXTargetDependency;
			target = EB779E7A253618CA00A66A58 /* MVP-Table */;
			targetProxy = EB779E92253618CF00A66A58 /* PBXContainerItemProxy */;
		};
		EB779E9E253618CF00A66A58 /* PBXTargetDependency */ = {
			isa = PBXTargetDependency;
			target = EB779E7A253618CA00A66A58 /* MVP-Table */;
			targetProxy = EB779E9D253618CF00A66A58 /* PBXContainerItemProxy */;
		};
/* End PBXTargetDependency section */

/* Begin PBXVariantGroup section */
		EB779E84253618CA00A66A58 /* Main.storyboard */ = {
			isa = PBXVariantGroup;
			children = (
				EB779E85253618CA00A66A58 /* Base */,
			);
			name = Main.storyboard;
			sourceTree = "<group>";
		};
		EB779E89253618CE00A66A58 /* LaunchScreen.storyboard */ = {
			isa = PBXVariantGroup;
			children = (
				EB779E8A253618CE00A66A58 /* Base */,
			);
			name = LaunchScreen.storyboard;
			sourceTree = "<group>";
		};
/* End PBXVariantGroup section */

/* Begin XCBuildConfiguration section */
		EB779EA3253618CF00A66A58 /* Debug */ = {
			isa = XCBuildConfiguration;
			buildSettings = {
				ALWAYS_SEARCH_USER_PATHS = NO;
				CLANG_ANALYZER_NONNULL = YES;
				CLANG_ANALYZER_NUMBER_OBJECT_CONVERSION = YES_AGGRESSIVE;
				CLANG_CXX_LANGUAGE_STANDARD = "gnu++14";
				CLANG_CXX_LIBRARY = "libc++";
				CLANG_ENABLE_MODULES = YES;
				CLANG_ENABLE_OBJC_ARC = YES;
				CLANG_ENABLE_OBJC_WEAK = YES;
				CLANG_WARN_BLOCK_CAPTURE_AUTORELEASING = YES;
				CLANG_WARN_BOOL_CONVERSION = YES;
				CLANG_WARN_COMMA = YES;
				CLANG_WARN_CONSTANT_CONVERSION = YES;
				CLANG_WARN_DEPRECATED_OBJC_IMPLEMENTATIONS = YES;
				CLANG_WARN_DIRECT_OBJC_ISA_USAGE = YES_ERROR;
				CLANG_WARN_DOCUMENTATION_COMMENTS = YES;
				CLANG_WARN_EMPTY_BODY = YES;
				CLANG_WARN_ENUM_CONVERSION = YES;
				CLANG_WARN_INFINITE_RECURSION = YES;
				CLANG_WARN_INT_CONVERSION = YES;
				CLANG_WARN_NON_LITERAL_NULL_CONVERSION = YES;
				CLANG_WARN_OBJC_IMPLICIT_RETAIN_SELF = YES;
				CLANG_WARN_OBJC_LITERAL_CONVERSION = YES;
				CLANG_WARN_OBJC_ROOT_CLASS = YES_ERROR;
				CLANG_WARN_QUOTED_INCLUDE_IN_FRAMEWORK_HEADER = YES;
				CLANG_WARN_RANGE_LOOP_ANALYSIS = YES;
				CLANG_WARN_STRICT_PROTOTYPES = YES;
				CLANG_WARN_SUSPICIOUS_MOVE = YES;
				CLANG_WARN_UNGUARDED_AVAILABILITY = YES_AGGRESSIVE;
				CLANG_WARN_UNREACHABLE_CODE = YES;
				CLANG_WARN__DUPLICATE_METHOD_MATCH = YES;
				COPY_PHASE_STRIP = NO;
				DEBUG_INFORMATION_FORMAT = dwarf;
				ENABLE_STRICT_OBJC_MSGSEND = YES;
				ENABLE_TESTABILITY = YES;
				GCC_C_LANGUAGE_STANDARD = gnu11;
				GCC_DYNAMIC_NO_PIC = NO;
				GCC_NO_COMMON_BLOCKS = YES;
				GCC_OPTIMIZATION_LEVEL = 0;
				GCC_PREPROCESSOR_DEFINITIONS = (
					"DEBUG=1",
					"$(inherited)",
				);
				GCC_WARN_64_TO_32_BIT_CONVERSION = YES;
				GCC_WARN_ABOUT_RETURN_TYPE = YES_ERROR;
				GCC_WARN_UNDECLARED_SELECTOR = YES;
				GCC_WARN_UNINITIALIZED_AUTOS = YES_AGGRESSIVE;
				GCC_WARN_UNUSED_FUNCTION = YES;
				GCC_WARN_UNUSED_VARIABLE = YES;
				IPHONEOS_DEPLOYMENT_TARGET = 14.0;
				MTL_ENABLE_DEBUG_INFO = INCLUDE_SOURCE;
				MTL_FAST_MATH = YES;
				ONLY_ACTIVE_ARCH = YES;
				SDKROOT = iphoneos;
				SWIFT_ACTIVE_COMPILATION_CONDITIONS = DEBUG;
				SWIFT_OPTIMIZATION_LEVEL = "-Onone";
			};
			name = Debug;
		};
		EB779EA4253618CF00A66A58 /* Release */ = {
			isa = XCBuildConfiguration;
			buildSettings = {
				ALWAYS_SEARCH_USER_PATHS = NO;
				CLANG_ANALYZER_NONNULL = YES;
				CLANG_ANALYZER_NUMBER_OBJECT_CONVERSION = YES_AGGRESSIVE;
				CLANG_CXX_LANGUAGE_STANDARD = "gnu++14";
				CLANG_CXX_LIBRARY = "libc++";
				CLANG_ENABLE_MODULES = YES;
				CLANG_ENABLE_OBJC_ARC = YES;
				CLANG_ENABLE_OBJC_WEAK = YES;
				CLANG_WARN_BLOCK_CAPTURE_AUTORELEASING = YES;
				CLANG_WARN_BOOL_CONVERSION = YES;
				CLANG_WARN_COMMA = YES;
				CLANG_WARN_CONSTANT_CONVERSION = YES;
				CLANG_WARN_DEPRECATED_OBJC_IMPLEMENTATIONS = YES;
				CLANG_WARN_DIRECT_OBJC_ISA_USAGE = YES_ERROR;
				CLANG_WARN_DOCUMENTATION_COMMENTS = YES;
				CLANG_WARN_EMPTY_BODY = YES;
				CLANG_WARN_ENUM_CONVERSION = YES;
				CLANG_WARN_INFINITE_RECURSION = YES;
				CLANG_WARN_INT_CONVERSION = YES;
				CLANG_WARN_NON_LITERAL_NULL_CONVERSION = YES;
				CLANG_WARN_OBJC_IMPLICIT_RETAIN_SELF = YES;
				CLANG_WARN_OBJC_LITERAL_CONVERSION = YES;
				CLANG_WARN_OBJC_ROOT_CLASS = YES_ERROR;
				CLANG_WARN_QUOTED_INCLUDE_IN_FRAMEWORK_HEADER = YES;
				CLANG_WARN_RANGE_LOOP_ANALYSIS = YES;
				CLANG_WARN_STRICT_PROTOTYPES = YES;
				CLANG_WARN_SUSPICIOUS_MOVE = YES;
				CLANG_WARN_UNGUARDED_AVAILABILITY = YES_AGGRESSIVE;
				CLANG_WARN_UNREACHABLE_CODE = YES;
				CLANG_WARN__DUPLICATE_METHOD_MATCH = YES;
				COPY_PHASE_STRIP = NO;
				DEBUG_INFORMATION_FORMAT = "dwarf-with-dsym";
				ENABLE_NS_ASSERTIONS = NO;
				ENABLE_STRICT_OBJC_MSGSEND = YES;
				GCC_C_LANGUAGE_STANDARD = gnu11;
				GCC_NO_COMMON_BLOCKS = YES;
				GCC_WARN_64_TO_32_BIT_CONVERSION = YES;
				GCC_WARN_ABOUT_RETURN_TYPE = YES_ERROR;
				GCC_WARN_UNDECLARED_SELECTOR = YES;
				GCC_WARN_UNINITIALIZED_AUTOS = YES_AGGRESSIVE;
				GCC_WARN_UNUSED_FUNCTION = YES;
				GCC_WARN_UNUSED_VARIABLE = YES;
				IPHONEOS_DEPLOYMENT_TARGET = 14.0;
				MTL_ENABLE_DEBUG_INFO = NO;
				MTL_FAST_MATH = YES;
				SDKROOT = iphoneos;
				SWIFT_COMPILATION_MODE = wholemodule;
				SWIFT_OPTIMIZATION_LEVEL = "-O";
				VALIDATE_PRODUCT = YES;
			};
			name = Release;
		};
		EB779EA6253618CF00A66A58 /* Debug */ = {
			isa = XCBuildConfiguration;
			buildSettings = {
				ASSETCATALOG_COMPILER_APPICON_NAME = AppIcon;
				ASSETCATALOG_COMPILER_GLOBAL_ACCENT_COLOR_NAME = AccentColor;
				CODE_SIGN_STYLE = Automatic;
				DEVELOPMENT_TEAM = 63455GEHLW;
				INFOPLIST_FILE = solidMVP/Info.plist;
				LD_RUNPATH_SEARCH_PATHS = (
					"$(inherited)",
					"@executable_path/Frameworks",
				);
				PRODUCT_BUNDLE_IDENTIFIER = "com.pkoyushev.MVP-Table";
				PRODUCT_NAME = "$(TARGET_NAME)";
				SWIFT_VERSION = 5.0;
				TARGETED_DEVICE_FAMILY = "1,2";
			};
			name = Debug;
		};
		EB779EA7253618CF00A66A58 /* Release */ = {
			isa = XCBuildConfiguration;
			buildSettings = {
				ASSETCATALOG_COMPILER_APPICON_NAME = AppIcon;
				ASSETCATALOG_COMPILER_GLOBAL_ACCENT_COLOR_NAME = AccentColor;
				CODE_SIGN_STYLE = Automatic;
				DEVELOPMENT_TEAM = 63455GEHLW;
				INFOPLIST_FILE = solidMVP/Info.plist;
				LD_RUNPATH_SEARCH_PATHS = (
					"$(inherited)",
					"@executable_path/Frameworks",
				);
				PRODUCT_BUNDLE_IDENTIFIER = "com.pkoyushev.MVP-Table";
				PRODUCT_NAME = "$(TARGET_NAME)";
				SWIFT_VERSION = 5.0;
				TARGETED_DEVICE_FAMILY = "1,2";
			};
			name = Release;
		};
		EB779EA9253618CF00A66A58 /* Debug */ = {
			isa = XCBuildConfiguration;
			buildSettings = {
				ALWAYS_EMBED_SWIFT_STANDARD_LIBRARIES = YES;
				BUNDLE_LOADER = "$(TEST_HOST)";
				CODE_SIGN_STYLE = Automatic;
				DEVELOPMENT_TEAM = 63455GEHLW;
				INFOPLIST_FILE = solidMVPTests/Info.plist;
				IPHONEOS_DEPLOYMENT_TARGET = 14.0;
				LD_RUNPATH_SEARCH_PATHS = (
					"$(inherited)",
					"@executable_path/Frameworks",
					"@loader_path/Frameworks",
				);
				PRODUCT_BUNDLE_IDENTIFIER = com.pkoyushev.solidMVPTests;
				PRODUCT_NAME = "$(TARGET_NAME)";
				SWIFT_VERSION = 5.0;
				TARGETED_DEVICE_FAMILY = "1,2";
				TEST_HOST = "$(BUILT_PRODUCTS_DIR)/MVP-Table.app/MVP-Table";
			};
			name = Debug;
		};
		EB779EAA253618CF00A66A58 /* Release */ = {
			isa = XCBuildConfiguration;
			buildSettings = {
				ALWAYS_EMBED_SWIFT_STANDARD_LIBRARIES = YES;
				BUNDLE_LOADER = "$(TEST_HOST)";
				CODE_SIGN_STYLE = Automatic;
				DEVELOPMENT_TEAM = 63455GEHLW;
				INFOPLIST_FILE = solidMVPTests/Info.plist;
				IPHONEOS_DEPLOYMENT_TARGET = 14.0;
				LD_RUNPATH_SEARCH_PATHS = (
					"$(inherited)",
					"@executable_path/Frameworks",
					"@loader_path/Frameworks",
				);
				PRODUCT_BUNDLE_IDENTIFIER = com.pkoyushev.solidMVPTests;
				PRODUCT_NAME = "$(TARGET_NAME)";
				SWIFT_VERSION = 5.0;
				TARGETED_DEVICE_FAMILY = "1,2";
				TEST_HOST = "$(BUILT_PRODUCTS_DIR)/MVP-Table.app/MVP-Table";
			};
			name = Release;
		};
		EB779EAC253618CF00A66A58 /* Debug */ = {
			isa = XCBuildConfiguration;
			buildSettings = {
				ALWAYS_EMBED_SWIFT_STANDARD_LIBRARIES = YES;
				CODE_SIGN_STYLE = Automatic;
				DEVELOPMENT_TEAM = 63455GEHLW;
				INFOPLIST_FILE = solidMVPUITests/Info.plist;
				LD_RUNPATH_SEARCH_PATHS = (
					"$(inherited)",
					"@executable_path/Frameworks",
					"@loader_path/Frameworks",
				);
				PRODUCT_BUNDLE_IDENTIFIER = com.pkoyushev.solidMVPUITests;
				PRODUCT_NAME = "$(TARGET_NAME)";
				SWIFT_VERSION = 5.0;
				TARGETED_DEVICE_FAMILY = "1,2";
				TEST_TARGET_NAME = solidMVP;
			};
			name = Debug;
		};
		EB779EAD253618CF00A66A58 /* Release */ = {
			isa = XCBuildConfiguration;
			buildSettings = {
				ALWAYS_EMBED_SWIFT_STANDARD_LIBRARIES = YES;
				CODE_SIGN_STYLE = Automatic;
				DEVELOPMENT_TEAM = 63455GEHLW;
				INFOPLIST_FILE = solidMVPUITests/Info.plist;
				LD_RUNPATH_SEARCH_PATHS = (
					"$(inherited)",
					"@executable_path/Frameworks",
					"@loader_path/Frameworks",
				);
				PRODUCT_BUNDLE_IDENTIFIER = com.pkoyushev.solidMVPUITests;
				PRODUCT_NAME = "$(TARGET_NAME)";
				SWIFT_VERSION = 5.0;
				TARGETED_DEVICE_FAMILY = "1,2";
				TEST_TARGET_NAME = solidMVP;
			};
			name = Release;
		};
/* End XCBuildConfiguration section */

/* Begin XCConfigurationList section */
		EB779E76253618CA00A66A58 /* Build configuration list for PBXProject "MVP-Table" */ = {
			isa = XCConfigurationList;
			buildConfigurations = (
				EB779EA3253618CF00A66A58 /* Debug */,
				EB779EA4253618CF00A66A58 /* Release */,
			);
			defaultConfigurationIsVisible = 0;
			defaultConfigurationName = Release;
		};
		EB779EA5253618CF00A66A58 /* Build configuration list for PBXNativeTarget "MVP-Table" */ = {
			isa = XCConfigurationList;
			buildConfigurations = (
				EB779EA6253618CF00A66A58 /* Debug */,
				EB779EA7253618CF00A66A58 /* Release */,
			);
			defaultConfigurationIsVisible = 0;
			defaultConfigurationName = Release;
		};
		EB779EA8253618CF00A66A58 /* Build configuration list for PBXNativeTarget "MVP-TableTests" */ = {
			isa = XCConfigurationList;
			buildConfigurations = (
				EB779EA9253618CF00A66A58 /* Debug */,
				EB779EAA253618CF00A66A58 /* Release */,
			);
			defaultConfigurationIsVisible = 0;
			defaultConfigurationName = Release;
		};
		EB779EAB253618CF00A66A58 /* Build configuration list for PBXNativeTarget "MVP-TableUITests" */ = {
			isa = XCConfigurationList;
			buildConfigurations = (
				EB779EAC253618CF00A66A58 /* Debug */,
				EB779EAD253618CF00A66A58 /* Release */,
			);
			defaultConfigurationIsVisible = 0;
			defaultConfigurationName = Release;
		};
/* End XCConfigurationList section */
	};
	rootObject = EB779E73253618CA00A66A58 /* Project object */;
}
